
Microsoft Visual Studio Solution File, Format Version 12.00
# Visual Studio Version 16
VisualStudioVersion = 16.0.30011.22
MinimumVisualStudioVersion = 10.0.40219.1
Project("{FAE04EC0-301F-11D3-BF4B-00C04F79EFBC}") = "MultipleChoiceQuiz", "MultipleChoiceQuiz\MultipleChoiceQuiz.csproj", "{0CDBF4D6-B0C7-4846-A2EF-D028D15F9BA7}"
EndProject
Global
	GlobalSection(SolutionConfigurationPlatforms) = preSolution
		Debug|Any CPU = Debug|Any CPU
		Release|Any CPU = Release|Any CPU
	EndGlobalSection
	GlobalSection(ProjectConfigurationPlatforms) = postSolution
		{0CDBF4D6-B0C7-4846-A2EF-D028D15F9BA7}.Debug|Any CPU.ActiveCfg = Debug|Any CPU
		{0CDBF4D6-B0C7-4846-A2EF-D028D15F9BA7}.Debug|Any CPU.Build.0 = Debug|Any CPU
		{0CDBF4D6-B0C7-4846-A2EF-D028D15F9BA7}.Release|Any CPU.ActiveCfg = Release|Any CPU
		{0CDBF4D6-B0C7-4846-A2EF-D028D15F9BA7}.Release|Any CPU.Build.0 = Release|Any CPU
	EndGlobalSection
	GlobalSection(SolutionProperties) = preSolution
		HideSolutionNode = FALSE
	EndGlobalSection
	GlobalSection(ExtensibilityGlobals) = postSolution
		SolutionGuid = {DCE4828B-A304-493C-BB20-D4C27214C130}
	EndGlobalSection
EndGlobal
